
Microsoft Visual Studio Solution File, Format Version 12.00
# Visual Studio Version 17
VisualStudioVersion = 17.10.34928.147
MinimumVisualStudioVersion = 10.0.40219.1
Project("{FAE04EC0-301F-11D3-BF4B-00C04F79EFBC}") = "test", "test.csproj", "{AED066A0-3EA1-4EDB-ADDF-C6BD0628D07F}"
EndProject
Global
	GlobalSection(SolutionConfigurationPlatforms) = preSolution
		Debug|Any CPU = Debug|Any CPU
		Release|Any CPU = Release|Any CPU
	EndGlobalSection
	GlobalSection(ProjectConfigurationPlatforms) = postSolution
		{AED066A0-3EA1-4EDB-ADDF-C6BD0628D07F}.Debug|Any CPU.ActiveCfg = Debug|Any CPU
		{AED066A0-3EA1-4EDB-ADDF-C6BD0628D07F}.Debug|Any CPU.Build.0 = Debug|Any CPU
		{AED066A0-3EA1-4EDB-ADDF-C6BD0628D07F}.Release|Any CPU.ActiveCfg = Release|Any CPU
		{AED066A0-3EA1-4EDB-ADDF-C6BD0628D07F}.Release|Any CPU.Build.0 = Release|Any CPU
	EndGlobalSection
	GlobalSection(SolutionProperties) = preSolution
		HideSolutionNode = FALSE
	EndGlobalSection
	GlobalSection(ExtensibilityGlobals) = postSolution
		SolutionGuid = {3536C8AA-E040-47B4-848B-D05BCC6D74A1}
	EndGlobalSection
EndGlobal
